
Microsoft Visual Studio Solution File, Format Version 12.00
# Visual Studio Version 17
VisualStudioVersion = 17.5.002.0
MinimumVisualStudioVersion = 10.0.40219.1
Project("{2150E333-8FDC-42A3-9474-1A3956D46DE8}") = "template", "template", "{7EF0E67A-3C53-4BF5-9148-64039FE5B17A}"
EndProject
Project("{2150E333-8FDC-42A3-9474-1A3956D46DE8}") = "src", "src", "{9538FCD8-C424-47EE-AA30-68D094848756}"
EndProject
Project("{9A19103F-16F7-4668-BE54-9A1E7A4F7556}") = "cs", "template\src\cs\cs.csproj", "{DB355B13-6112-4E59-8246-E921B3886A60}"
EndProject
Global
	GlobalSection(SolutionConfigurationPlatforms) = preSolution
		Debug|Any CPU = Debug|Any CPU
		Release|Any CPU = Release|Any CPU
	EndGlobalSection
	GlobalSection(ProjectConfigurationPlatforms) = postSolution
		{DB355B13-6112-4E59-8246-E921B3886A60}.Debug|Any CPU.ActiveCfg = Debug|Any CPU
		{DB355B13-6112-4E59-8246-E921B3886A60}.Debug|Any CPU.Build.0 = Debug|Any CPU
		{DB355B13-6112-4E59-8246-E921B3886A60}.Release|Any CPU.ActiveCfg = Release|Any CPU
		{DB355B13-6112-4E59-8246-E921B3886A60}.Release|Any CPU.Build.0 = Release|Any CPU
	EndGlobalSection
	GlobalSection(SolutionProperties) = preSolution
		HideSolutionNode = FALSE
	EndGlobalSection
	GlobalSection(NestedProjects) = preSolution
		{9538FCD8-C424-47EE-AA30-68D094848756} = {7EF0E67A-3C53-4BF5-9148-64039FE5B17A}
		{DB355B13-6112-4E59-8246-E921B3886A60} = {9538FCD8-C424-47EE-AA30-68D094848756}
	EndGlobalSection
	GlobalSection(ExtensibilityGlobals) = postSolution
		SolutionGuid = {EF7F17B0-BA91-4A66-BDB2-171992A8F12B}
	EndGlobalSection
EndGlobal
